
Microsoft Visual Studio Solution File, Format Version 12.00
# Visual Studio Version 16
VisualStudioVersion = 16.0.30907.101
MinimumVisualStudioVersion = 10.0.40219.1
Project("{FAE04EC0-301F-11D3-BF4B-00C04F79EFBC}") = "RTSLabs", "RTSLabs\RTSLabs.csproj", "{FD220903-D9B3-4B6F-8E04-EFB9EB909FB8}"
EndProject
Global
	GlobalSection(SolutionConfigurationPlatforms) = preSolution
		Debug|Any CPU = Debug|Any CPU
		Release|Any CPU = Release|Any CPU
	EndGlobalSection
	GlobalSection(ProjectConfigurationPlatforms) = postSolution
		{FD220903-D9B3-4B6F-8E04-EFB9EB909FB8}.Debug|Any CPU.ActiveCfg = Debug|Any CPU
		{FD220903-D9B3-4B6F-8E04-EFB9EB909FB8}.Debug|Any CPU.Build.0 = Debug|Any CPU
		{FD220903-D9B3-4B6F-8E04-EFB9EB909FB8}.Release|Any CPU.ActiveCfg = Release|Any CPU
		{FD220903-D9B3-4B6F-8E04-EFB9EB909FB8}.Release|Any CPU.Build.0 = Release|Any CPU
	EndGlobalSection
	GlobalSection(SolutionProperties) = preSolution
		HideSolutionNode = FALSE
	EndGlobalSection
	GlobalSection(ExtensibilityGlobals) = postSolution
		SolutionGuid = {08B89478-A023-4D42-8A9B-F323D66EAF3B}
	EndGlobalSection
EndGlobal
